// !$*UTF8*$!
{
	archiveVersion = 1;
	classes = {
	};
	objectVersion = 56;
	objects = {

/* Begin PBXBuildFile section */
		A6469D352DDC60DA00E0CBC7 /* KeyDerivation.swift in Sources */ = {isa = PBXBuildFile; fileRef = A6469D342DDC60D100E0CBC7 /* KeyDerivation.swift */; };
		A6469D372DDC614100E0CBC7 /* PassphraseManager.swift in Sources */ = {isa = PBXBuildFile; fileRef = A6469D362DDC613900E0CBC7 /* PassphraseManager.swift */; };
		A6469D392DDC616200E0CBC7 /* PassphrasePromptView.swift in Sources */ = {isa = PBXBuildFile; fileRef = A6469D382DDC615400E0CBC7 /* PassphrasePromptView.swift */; };
		A6469D3B2DDC61A200E0CBC7 /* EncryptionHelper.swift in Sources */ = {isa = PBXBuildFile; fileRef = A6469D3A2DDC619C00E0CBC7 /* EncryptionHelper.swift */; };
		A6469D3D2DDC6A2A00E0CBC7 /* Account.swift in Sources */ = {isa = PBXBuildFile; fileRef = A6469D3C2DDC6A2600E0CBC7 /* Account.swift */; };
		A6469D3F2DDC6A4000E0CBC7 /* Account+CoreDataProperties.swift in Sources */ = {isa = PBXBuildFile; fileRef = A6469D3E2DDC6A3400E0CBC7 /* Account+CoreDataProperties.swift */; };
		A6469D412DDDA7B900E0CBC7 /* README.md in Resources */ = {isa = PBXBuildFile; fileRef = A6469D402DDDA7AA00E0CBC7 /* README.md */; };
		A69B3FB62DB0B4C300D8C843 /* encrepeApp.swift in Sources */ = {isa = PBXBuildFile; fileRef = A69B3FB52DB0B4C300D8C843 /* encrepeApp.swift */; };
		A69B3FBA2DB0B4C400D8C843 /* Assets.xcassets in Resources */ = {isa = PBXBuildFile; fileRef = A69B3FB92DB0B4C400D8C843 /* Assets.xcassets */; };
		A69B3FBD2DB0B4C400D8C843 /* Preview Assets.xcassets in Resources */ = {isa = PBXBuildFile; fileRef = A69B3FBC2DB0B4C400D8C843 /* Preview Assets.xcassets */; };
		A69B3FC62DB0B50700D8C843 /* AccountModel.xcdatamodeld in Sources */ = {isa = PBXBuildFile; fileRef = A69B3FC42DB0B50700D8C843 /* AccountModel.xcdatamodeld */; };
		A69B3FC82DB0B54500D8C843 /* DataController.swift in Sources */ = {isa = PBXBuildFile; fileRef = A69B3FC72DB0B54500D8C843 /* DataController.swift */; };
		A69B3FCB2DB0B56500D8C843 /* AddAccountView.swift in Sources */ = {isa = PBXBuildFile; fileRef = A69B3FCA2DB0B56500D8C843 /* AddAccountView.swift */; };
		A69B3FCD2DB0B57C00D8C843 /* HomeView.swift in Sources */ = {isa = PBXBuildFile; fileRef = A69B3FCC2DB0B57C00D8C843 /* HomeView.swift */; };
		A69B3FCF2DB0B59100D8C843 /* EditAccountView.swift in Sources */ = {isa = PBXBuildFile; fileRef = A69B3FCE2DB0B59100D8C843 /* EditAccountView.swift */; };
		A69B3FD12DB0B5A500D8C843 /* AccountView.swift in Sources */ = {isa = PBXBuildFile; fileRef = A69B3FD02DB0B5A500D8C843 /* AccountView.swift */; };
		A69B3FD42DB0B5C000D8C843 /* TimeFormatting.swift in Sources */ = {isa = PBXBuildFile; fileRef = A69B3FD32DB0B5C000D8C843 /* TimeFormatting.swift */; };
		A69B3FD62DB0B5DA00D8C843 /* AccountViewController.swift in Sources */ = {isa = PBXBuildFile; fileRef = A69B3FD52DB0B5DA00D8C843 /* AccountViewController.swift */; };
		A69B3FD92DB0B5FA00D8C843 /* BackButton.swift in Sources */ = {isa = PBXBuildFile; fileRef = A69B3FD82DB0B5FA00D8C843 /* BackButton.swift */; };
		A69B3FDB2DB0B61900D8C843 /* RUButton.swift in Sources */ = {isa = PBXBuildFile; fileRef = A69B3FDA2DB0B61900D8C843 /* RUButton.swift */; };
/* End PBXBuildFile section */

/* Begin PBXFileReference section */
		A6469D312DDC5B3A00E0CBC7 /* Info.plist */ = {isa = PBXFileReference; lastKnownFileType = text.plist; path = Info.plist; sourceTree = "<group>"; };
		A6469D342DDC60D100E0CBC7 /* KeyDerivation.swift */ = {isa = PBXFileReference; lastKnownFileType = sourcecode.swift; path = KeyDerivation.swift; sourceTree = "<group>"; };
		A6469D362DDC613900E0CBC7 /* PassphraseManager.swift */ = {isa = PBXFileReference; lastKnownFileType = sourcecode.swift; path = PassphraseManager.swift; sourceTree = "<group>"; };
		A6469D382DDC615400E0CBC7 /* PassphrasePromptView.swift */ = {isa = PBXFileReference; lastKnownFileType = sourcecode.swift; path = PassphrasePromptView.swift; sourceTree = "<group>"; };
		A6469D3A2DDC619C00E0CBC7 /* EncryptionHelper.swift */ = {isa = PBXFileReference; lastKnownFileType = sourcecode.swift; path = EncryptionHelper.swift; sourceTree = "<group>"; };
		A6469D3C2DDC6A2600E0CBC7 /* Account.swift */ = {isa = PBXFileReference; lastKnownFileType = sourcecode.swift; path = Account.swift; sourceTree = "<group>"; };
		A6469D3E2DDC6A3400E0CBC7 /* Account+CoreDataProperties.swift */ = {isa = PBXFileReference; lastKnownFileType = sourcecode.swift; path = "Account+CoreDataProperties.swift"; sourceTree = "<group>"; };
		A6469D402DDDA7AA00E0CBC7 /* README.md */ = {isa = PBXFileReference; lastKnownFileType = net.daringfireball.markdown; path = README.md; sourceTree = "<group>"; };
		A69B3FB22DB0B4C300D8C843 /* encrepe.app */ = {isa = PBXFileReference; explicitFileType = wrapper.application; includeInIndex = 0; path = encrepe.app; sourceTree = BUILT_PRODUCTS_DIR; };
		A69B3FB52DB0B4C300D8C843 /* encrepeApp.swift */ = {isa = PBXFileReference; lastKnownFileType = sourcecode.swift; path = encrepeApp.swift; sourceTree = "<group>"; };
		A69B3FB92DB0B4C400D8C843 /* Assets.xcassets */ = {isa = PBXFileReference; lastKnownFileType = folder.assetcatalog; path = Assets.xcassets; sourceTree = "<group>"; };
		A69B3FBC2DB0B4C400D8C843 /* Preview Assets.xcassets */ = {isa = PBXFileReference; lastKnownFileType = folder.assetcatalog; path = "Preview Assets.xcassets"; sourceTree = "<group>"; };
		A69B3FC52DB0B50700D8C843 /* AccountModel.xcdatamodel */ = {isa = PBXFileReference; lastKnownFileType = wrapper.xcdatamodel; path = AccountModel.xcdatamodel; sourceTree = "<group>"; };
		A69B3FC72DB0B54500D8C843 /* DataController.swift */ = {isa = PBXFileReference; lastKnownFileType = sourcecode.swift; path = DataController.swift; sourceTree = "<group>"; };
		A69B3FCA2DB0B56500D8C843 /* AddAccountView.swift */ = {isa = PBXFileReference; lastKnownFileType = sourcecode.swift; path = AddAccountView.swift; sourceTree = "<group>"; };
		A69B3FCC2DB0B57C00D8C843 /* HomeView.swift */ = {isa = PBXFileReference; lastKnownFileType = sourcecode.swift; path = HomeView.swift; sourceTree = "<group>"; };
		A69B3FCE2DB0B59100D8C843 /* EditAccountView.swift */ = {isa = PBXFileReference; lastKnownFileType = sourcecode.swift; path = EditAccountView.swift; sourceTree = "<group>"; };
		A69B3FD02DB0B5A500D8C843 /* AccountView.swift */ = {isa = PBXFileReference; lastKnownFileType = sourcecode.swift; path = AccountView.swift; sourceTree = "<group>"; };
		A69B3FD32DB0B5C000D8C843 /* TimeFormatting.swift */ = {isa = PBXFileReference; lastKnownFileType = sourcecode.swift; path = TimeFormatting.swift; sourceTree = "<group>"; };
		A69B3FD52DB0B5DA00D8C843 /* AccountViewController.swift */ = {isa = PBXFileReference; lastKnownFileType = sourcecode.swift; path = AccountViewController.swift; sourceTree = "<group>"; };
		A69B3FD82DB0B5FA00D8C843 /* BackButton.swift */ = {isa = PBXFileReference; lastKnownFileType = sourcecode.swift; path = BackButton.swift; sourceTree = "<group>"; };
		A69B3FDA2DB0B61900D8C843 /* RUButton.swift */ = {isa = PBXFileReference; lastKnownFileType = sourcecode.swift; path = RUButton.swift; sourceTree = "<group>"; };
/* End PBXFileReference section */

/* Begin PBXFrameworksBuildPhase section */
		A69B3FAF2DB0B4C300D8C843 /* Frameworks */ = {
			isa = PBXFrameworksBuildPhase;
			buildActionMask = 2147483647;
			files = (
			);
			runOnlyForDeploymentPostprocessing = 0;
		};
/* End PBXFrameworksBuildPhase section */

/* Begin PBXGroup section */
		A69B3FA92DB0B4C300D8C843 = {
			isa = PBXGroup;
			children = (
				A69B3FB42DB0B4C300D8C843 /* encrepe */,
				A69B3FB32DB0B4C300D8C843 /* Products */,
			);
			sourceTree = "<group>";
		};
		A69B3FB32DB0B4C300D8C843 /* Products */ = {
			isa = PBXGroup;
			children = (
				A69B3FB22DB0B4C300D8C843 /* encrepe.app */,
			);
			name = Products;
			sourceTree = "<group>";
		};
		A69B3FB42DB0B4C300D8C843 /* encrepe */ = {
			isa = PBXGroup;
			children = (
				A6469D402DDDA7AA00E0CBC7 /* README.md */,
				A6469D312DDC5B3A00E0CBC7 /* Info.plist */,
				A69B3FD72DB0B5E900D8C843 /* Components */,
				A69B3FD22DB0B5B000D8C843 /* Helpers */,
				A69B3FC92DB0B55700D8C843 /* Views */,
				A69B3FC32DB0B4F000D8C843 /* DataController */,
				A69B3FB52DB0B4C300D8C843 /* encrepeApp.swift */,
				A69B3FB92DB0B4C400D8C843 /* Assets.xcassets */,
				A69B3FBB2DB0B4C400D8C843 /* Preview Content */,
			);
			path = encrepe;
			sourceTree = "<group>";
		};
		A69B3FBB2DB0B4C400D8C843 /* Preview Content */ = {
			isa = PBXGroup;
			children = (
				A69B3FBC2DB0B4C400D8C843 /* Preview Assets.xcassets */,
			);
			path = "Preview Content";
			sourceTree = "<group>";
		};
		A69B3FC32DB0B4F000D8C843 /* DataController */ = {
			isa = PBXGroup;
			children = (
				A6469D3E2DDC6A3400E0CBC7 /* Account+CoreDataProperties.swift */,
				A6469D3C2DDC6A2600E0CBC7 /* Account.swift */,
				A69B3FC42DB0B50700D8C843 /* AccountModel.xcdatamodeld */,
				A69B3FC72DB0B54500D8C843 /* DataController.swift */,
			);
			path = DataController;
			sourceTree = "<group>";
		};
		A69B3FC92DB0B55700D8C843 /* Views */ = {
			isa = PBXGroup;
			children = (
				A6469D382DDC615400E0CBC7 /* PassphrasePromptView.swift */,
				A69B3FCA2DB0B56500D8C843 /* AddAccountView.swift */,
				A69B3FCC2DB0B57C00D8C843 /* HomeView.swift */,
				A69B3FCE2DB0B59100D8C843 /* EditAccountView.swift */,
				A69B3FD02DB0B5A500D8C843 /* AccountView.swift */,
			);
			path = Views;
			sourceTree = "<group>";
		};
		A69B3FD22DB0B5B000D8C843 /* Helpers */ = {
			isa = PBXGroup;
			children = (
				A6469D3A2DDC619C00E0CBC7 /* EncryptionHelper.swift */,
				A6469D362DDC613900E0CBC7 /* PassphraseManager.swift */,
				A6469D342DDC60D100E0CBC7 /* KeyDerivation.swift */,
				A69B3FD32DB0B5C000D8C843 /* TimeFormatting.swift */,
				A69B3FD52DB0B5DA00D8C843 /* AccountViewController.swift */,
			);
			path = Helpers;
			sourceTree = "<group>";
		};
		A69B3FD72DB0B5E900D8C843 /* Components */ = {
			isa = PBXGroup;
			children = (
				A69B3FD82DB0B5FA00D8C843 /* BackButton.swift */,
				A69B3FDA2DB0B61900D8C843 /* RUButton.swift */,
			);
			path = Components;
			sourceTree = "<group>";
		};
/* End PBXGroup section */

/* Begin PBXNativeTarget section */
		A69B3FB12DB0B4C300D8C843 /* encrepe */ = {
			isa = PBXNativeTarget;
			buildConfigurationList = A69B3FC02DB0B4C400D8C843 /* Build configuration list for PBXNativeTarget "encrepe" */;
			buildPhases = (
				A69B3FAE2DB0B4C300D8C843 /* Sources */,
				A69B3FAF2DB0B4C300D8C843 /* Frameworks */,
				A69B3FB02DB0B4C300D8C843 /* Resources */,
			);
			buildRules = (
			);
			dependencies = (
			);
			name = encrepe;
			productName = encrepe;
			productReference = A69B3FB22DB0B4C300D8C843 /* encrepe.app */;
			productType = "com.apple.product-type.application";
		};
/* End PBXNativeTarget section */

/* Begin PBXProject section */
		A69B3FAA2DB0B4C300D8C843 /* Project object */ = {
			isa = PBXProject;
			attributes = {
				BuildIndependentTargetsInParallel = 1;
				LastSwiftUpdateCheck = 1530;
				LastUpgradeCheck = 1630;
				TargetAttributes = {
					A69B3FB12DB0B4C300D8C843 = {
						CreatedOnToolsVersion = 15.3;
					};
				};
			};
			buildConfigurationList = A69B3FAD2DB0B4C300D8C843 /* Build configuration list for PBXProject "encrepe" */;
			compatibilityVersion = "Xcode 14.0";
			developmentRegion = en;
			hasScannedForEncodings = 0;
			knownRegions = (
				en,
				Base,
			);
			mainGroup = A69B3FA92DB0B4C300D8C843;
			productRefGroup = A69B3FB32DB0B4C300D8C843 /* Products */;
			projectDirPath = "";
			projectRoot = "";
			targets = (
				A69B3FB12DB0B4C300D8C843 /* encrepe */,
			);
		};
/* End PBXProject section */

/* Begin PBXResourcesBuildPhase section */
		A69B3FB02DB0B4C300D8C843 /* Resources */ = {
			isa = PBXResourcesBuildPhase;
			buildActionMask = 2147483647;
			files = (
				A6469D412DDDA7B900E0CBC7 /* README.md in Resources */,
				A69B3FBD2DB0B4C400D8C843 /* Preview Assets.xcassets in Resources */,
				A69B3FBA2DB0B4C400D8C843 /* Assets.xcassets in Resources */,
			);
			runOnlyForDeploymentPostprocessing = 0;
		};
/* End PBXResourcesBuildPhase section */

/* Begin PBXSourcesBuildPhase section */
		A69B3FAE2DB0B4C300D8C843 /* Sources */ = {
			isa = PBXSourcesBuildPhase;
			buildActionMask = 2147483647;
			files = (
				A69B3FC62DB0B50700D8C843 /* AccountModel.xcdatamodeld in Sources */,
				A69B3FC82DB0B54500D8C843 /* DataController.swift in Sources */,
				A69B3FD92DB0B5FA00D8C843 /* BackButton.swift in Sources */,
				A69B3FCD2DB0B57C00D8C843 /* HomeView.swift in Sources */,
				A6469D392DDC616200E0CBC7 /* PassphrasePromptView.swift in Sources */,
				A6469D3D2DDC6A2A00E0CBC7 /* Account.swift in Sources */,
				A6469D3B2DDC61A200E0CBC7 /* EncryptionHelper.swift in Sources */,
				A6469D352DDC60DA00E0CBC7 /* KeyDerivation.swift in Sources */,
				A69B3FDB2DB0B61900D8C843 /* RUButton.swift in Sources */,
				A69B3FCB2DB0B56500D8C843 /* AddAccountView.swift in Sources */,
				A6469D3F2DDC6A4000E0CBC7 /* Account+CoreDataProperties.swift in Sources */,
				A69B3FD12DB0B5A500D8C843 /* AccountView.swift in Sources */,
				A69B3FD62DB0B5DA00D8C843 /* AccountViewController.swift in Sources */,
				A69B3FCF2DB0B59100D8C843 /* EditAccountView.swift in Sources */,
				A69B3FB62DB0B4C300D8C843 /* encrepeApp.swift in Sources */,
				A6469D372DDC614100E0CBC7 /* PassphraseManager.swift in Sources */,
				A69B3FD42DB0B5C000D8C843 /* TimeFormatting.swift in Sources */,
			);
			runOnlyForDeploymentPostprocessing = 0;
		};
/* End PBXSourcesBuildPhase section */

/* Begin XCBuildConfiguration section */
		A69B3FBE2DB0B4C400D8C843 /* Debug */ = {
			isa = XCBuildConfiguration;
			buildSettings = {
				ALWAYS_SEARCH_USER_PATHS = NO;
				ASSETCATALOG_COMPILER_GENERATE_SWIFT_ASSET_SYMBOL_EXTENSIONS = YES;
				CLANG_ANALYZER_NONNULL = YES;
				CLANG_ANALYZER_NUMBER_OBJECT_CONVERSION = YES_AGGRESSIVE;
				CLANG_CXX_LANGUAGE_STANDARD = "gnu++20";
				CLANG_ENABLE_MODULES = YES;
				CLANG_ENABLE_OBJC_ARC = YES;
				CLANG_ENABLE_OBJC_WEAK = YES;
				CLANG_WARN_BLOCK_CAPTURE_AUTORELEASING = YES;
				CLANG_WARN_BOOL_CONVERSION = YES;
				CLANG_WARN_COMMA = YES;
				CLANG_WARN_CONSTANT_CONVERSION = YES;
				CLANG_WARN_DEPRECATED_OBJC_IMPLEMENTATIONS = YES;
				CLANG_WARN_DIRECT_OBJC_ISA_USAGE = YES_ERROR;
				CLANG_WARN_DOCUMENTATION_COMMENTS = YES;
				CLANG_WARN_EMPTY_BODY = YES;
				CLANG_WARN_ENUM_CONVERSION = YES;
				CLANG_WARN_INFINITE_RECURSION = YES;
				CLANG_WARN_INT_CONVERSION = YES;
				CLANG_WARN_NON_LITERAL_NULL_CONVERSION = YES;
				CLANG_WARN_OBJC_IMPLICIT_RETAIN_SELF = YES;
				CLANG_WARN_OBJC_LITERAL_CONVERSION = YES;
				CLANG_WARN_OBJC_ROOT_CLASS = YES_ERROR;
				CLANG_WARN_QUOTED_INCLUDE_IN_FRAMEWORK_HEADER = YES;
				CLANG_WARN_RANGE_LOOP_ANALYSIS = YES;
				CLANG_WARN_STRICT_PROTOTYPES = YES;
				CLANG_WARN_SUSPICIOUS_MOVE = YES;
				CLANG_WARN_UNGUARDED_AVAILABILITY = YES_AGGRESSIVE;
				CLANG_WARN_UNREACHABLE_CODE = YES;
				CLANG_WARN__DUPLICATE_METHOD_MATCH = YES;
				COPY_PHASE_STRIP = NO;
				DEBUG_INFORMATION_FORMAT = dwarf;
				DEVELOPMENT_TEAM = AB2AUQ6XU8;
				ENABLE_STRICT_OBJC_MSGSEND = YES;
				ENABLE_TESTABILITY = YES;
				ENABLE_USER_SCRIPT_SANDBOXING = YES;
				GCC_C_LANGUAGE_STANDARD = gnu17;
				GCC_DYNAMIC_NO_PIC = NO;
				GCC_NO_COMMON_BLOCKS = YES;
				GCC_OPTIMIZATION_LEVEL = 0;
				GCC_PREPROCESSOR_DEFINITIONS = (
					"DEBUG=1",
					"$(inherited)",
				);
				GCC_WARN_64_TO_32_BIT_CONVERSION = YES;
				GCC_WARN_ABOUT_RETURN_TYPE = YES_ERROR;
				GCC_WARN_UNDECLARED_SELECTOR = YES;
				GCC_WARN_UNINITIALIZED_AUTOS = YES_AGGRESSIVE;
				GCC_WARN_UNUSED_FUNCTION = YES;
				GCC_WARN_UNUSED_VARIABLE = YES;
				IPHONEOS_DEPLOYMENT_TARGET = 17.4;
				LOCALIZATION_PREFERS_STRING_CATALOGS = YES;
				MTL_ENABLE_DEBUG_INFO = INCLUDE_SOURCE;
				MTL_FAST_MATH = YES;
				ONLY_ACTIVE_ARCH = YES;
				SDKROOT = iphoneos;
				SWIFT_ACTIVE_COMPILATION_CONDITIONS = "DEBUG $(inherited)";
				SWIFT_OPTIMIZATION_LEVEL = "-Onone";
			};
			name = Debug;
		};
		A69B3FBF2DB0B4C400D8C843 /* Release */ = {
			isa = XCBuildConfiguration;
			buildSettings = {
				ALWAYS_SEARCH_USER_PATHS = NO;
				ASSETCATALOG_COMPILER_GENERATE_SWIFT_ASSET_SYMBOL_EXTENSIONS = YES;
				CLANG_ANALYZER_NONNULL = YES;
				CLANG_ANALYZER_NUMBER_OBJECT_CONVERSION = YES_AGGRESSIVE;
				CLANG_CXX_LANGUAGE_STANDARD = "gnu++20";
				CLANG_ENABLE_MODULES = YES;
				CLANG_ENABLE_OBJC_ARC = YES;
				CLANG_ENABLE_OBJC_WEAK = YES;
				CLANG_WARN_BLOCK_CAPTURE_AUTORELEASING = YES;
				CLANG_WARN_BOOL_CONVERSION = YES;
				CLANG_WARN_COMMA = YES;
				CLANG_WARN_CONSTANT_CONVERSION = YES;
				CLANG_WARN_DEPRECATED_OBJC_IMPLEMENTATIONS = YES;
				CLANG_WARN_DIRECT_OBJC_ISA_USAGE = YES_ERROR;
				CLANG_WARN_DOCUMENTATION_COMMENTS = YES;
				CLANG_WARN_EMPTY_BODY = YES;
				CLANG_WARN_ENUM_CONVERSION = YES;
				CLANG_WARN_INFINITE_RECURSION = YES;
				CLANG_WARN_INT_CONVERSION = YES;
				CLANG_WARN_NON_LITERAL_NULL_CONVERSION = YES;
				CLANG_WARN_OBJC_IMPLICIT_RETAIN_SELF = YES;
				CLANG_WARN_OBJC_LITERAL_CONVERSION = YES;
				CLANG_WARN_OBJC_ROOT_CLASS = YES_ERROR;
				CLANG_WARN_QUOTED_INCLUDE_IN_FRAMEWORK_HEADER = YES;
				CLANG_WARN_RANGE_LOOP_ANALYSIS = YES;
				CLANG_WARN_STRICT_PROTOTYPES = YES;
				CLANG_WARN_SUSPICIOUS_MOVE = YES;
				CLANG_WARN_UNGUARDED_AVAILABILITY = YES_AGGRESSIVE;
				CLANG_WARN_UNREACHABLE_CODE = YES;
				CLANG_WARN__DUPLICATE_METHOD_MATCH = YES;
				COPY_PHASE_STRIP = NO;
				DEBUG_INFORMATION_FORMAT = "dwarf-with-dsym";
				DEVELOPMENT_TEAM = AB2AUQ6XU8;
				ENABLE_NS_ASSERTIONS = NO;
				ENABLE_STRICT_OBJC_MSGSEND = YES;
				ENABLE_USER_SCRIPT_SANDBOXING = YES;
				GCC_C_LANGUAGE_STANDARD = gnu17;
				GCC_NO_COMMON_BLOCKS = YES;
				GCC_WARN_64_TO_32_BIT_CONVERSION = YES;
				GCC_WARN_ABOUT_RETURN_TYPE = YES_ERROR;
				GCC_WARN_UNDECLARED_SELECTOR = YES;
				GCC_WARN_UNINITIALIZED_AUTOS = YES_AGGRESSIVE;
				GCC_WARN_UNUSED_FUNCTION = YES;
				GCC_WARN_UNUSED_VARIABLE = YES;
				IPHONEOS_DEPLOYMENT_TARGET = 17.4;
				LOCALIZATION_PREFERS_STRING_CATALOGS = YES;
				MTL_ENABLE_DEBUG_INFO = NO;
				MTL_FAST_MATH = YES;
				SDKROOT = iphoneos;
				SWIFT_COMPILATION_MODE = wholemodule;
				VALIDATE_PRODUCT = YES;
			};
			name = Release;
		};
		A69B3FC12DB0B4C400D8C843 /* Debug */ = {
			isa = XCBuildConfiguration;
			buildSettings = {
				ASSETCATALOG_COMPILER_APPICON_NAME = AppIcon;
				ASSETCATALOG_COMPILER_GLOBAL_ACCENT_COLOR_NAME = AccentColor;
				CODE_SIGN_STYLE = Automatic;
				CURRENT_PROJECT_VERSION = 1;
				DEVELOPMENT_ASSET_PATHS = "\"encrepe/Preview Content\"";
				ENABLE_PREVIEWS = YES;
				GENERATE_INFOPLIST_FILE = YES;
				INFOPLIST_FILE = encrepe/Info.plist;
				INFOPLIST_KEY_NSFaceIDUsageDescription = "We use Face ID to authenticate and decrypt your stored credentials.\nWe use Face ID to authenticate and decrypt your stored credentials.\n";
				INFOPLIST_KEY_UIApplicationSceneManifest_Generation = YES;
				INFOPLIST_KEY_UIApplicationSupportsIndirectInputEvents = YES;
				INFOPLIST_KEY_UILaunchScreen_Generation = YES;
				INFOPLIST_KEY_UISupportedInterfaceOrientations_iPad = "UIInterfaceOrientationPortrait UIInterfaceOrientationPortraitUpsideDown UIInterfaceOrientationLandscapeLeft UIInterfaceOrientationLandscapeRight";
				INFOPLIST_KEY_UISupportedInterfaceOrientations_iPhone = "UIInterfaceOrientationPortrait UIInterfaceOrientationLandscapeLeft UIInterfaceOrientationLandscapeRight";
				LD_RUNPATH_SEARCH_PATHS = (
					"$(inherited)",
					"@executable_path/Frameworks",
				);
				MARKETING_VERSION = 1.0;
				PRODUCT_BUNDLE_IDENTIFIER = encrepe.encrepe;
				PRODUCT_NAME = "$(TARGET_NAME)";
				SWIFT_EMIT_LOC_STRINGS = YES;
				SWIFT_VERSION = 5.0;
				TARGETED_DEVICE_FAMILY = "1,2";
			};
			name = Debug;
		};
		A69B3FC22DB0B4C400D8C843 /* Release */ = {
			isa = XCBuildConfiguration;
			buildSettings = {
				ASSETCATALOG_COMPILER_APPICON_NAME = AppIcon;
				ASSETCATALOG_COMPILER_GLOBAL_ACCENT_COLOR_NAME = AccentColor;
				CODE_SIGN_STYLE = Automatic;
				CURRENT_PROJECT_VERSION = 1;
				DEVELOPMENT_ASSET_PATHS = "\"encrepe/Preview Content\"";
				ENABLE_PREVIEWS = YES;
				GENERATE_INFOPLIST_FILE = YES;
				INFOPLIST_FILE = encrepe/Info.plist;
				INFOPLIST_KEY_NSFaceIDUsageDescription = "We use Face ID to authenticate and decrypt your stored credentials.\nWe use Face ID to authenticate and decrypt your stored credentials.\n";
				INFOPLIST_KEY_UIApplicationSceneManifest_Generation = YES;
				INFOPLIST_KEY_UIApplicationSupportsIndirectInputEvents = YES;
				INFOPLIST_KEY_UILaunchScreen_Generation = YES;
				INFOPLIST_KEY_UISupportedInterfaceOrientations_iPad = "UIInterfaceOrientationPortrait UIInterfaceOrientationPortraitUpsideDown UIInterfaceOrientationLandscapeLeft UIInterfaceOrientationLandscapeRight";
				INFOPLIST_KEY_UISupportedInterfaceOrientations_iPhone = "UIInterfaceOrientationPortrait UIInterfaceOrientationLandscapeLeft UIInterfaceOrientationLandscapeRight";
				LD_RUNPATH_SEARCH_PATHS = (
					"$(inherited)",
					"@executable_path/Frameworks",
				);
				MARKETING_VERSION = 1.0;
				PRODUCT_BUNDLE_IDENTIFIER = encrepe.encrepe;
				PRODUCT_NAME = "$(TARGET_NAME)";
				SWIFT_EMIT_LOC_STRINGS = YES;
				SWIFT_VERSION = 5.0;
				TARGETED_DEVICE_FAMILY = "1,2";
			};
			name = Release;
		};
/* End XCBuildConfiguration section */

/* Begin XCConfigurationList section */
		A69B3FAD2DB0B4C300D8C843 /* Build configuration list for PBXProject "encrepe" */ = {
			isa = XCConfigurationList;
			buildConfigurations = (
				A69B3FBE2DB0B4C400D8C843 /* Debug */,
				A69B3FBF2DB0B4C400D8C843 /* Release */,
			);
			defaultConfigurationIsVisible = 0;
			defaultConfigurationName = Release;
		};
		A69B3FC02DB0B4C400D8C843 /* Build configuration list for PBXNativeTarget "encrepe" */ = {
			isa = XCConfigurationList;
			buildConfigurations = (
				A69B3FC12DB0B4C400D8C843 /* Debug */,
				A69B3FC22DB0B4C400D8C843 /* Release */,
			);
			defaultConfigurationIsVisible = 0;
			defaultConfigurationName = Release;
		};
/* End XCConfigurationList section */

/* Begin XCVersionGroup section */
		A69B3FC42DB0B50700D8C843 /* AccountModel.xcdatamodeld */ = {
			isa = XCVersionGroup;
			children = (
				A69B3FC52DB0B50700D8C843 /* AccountModel.xcdatamodel */,
			);
			currentVersion = A69B3FC52DB0B50700D8C843 /* AccountModel.xcdatamodel */;
			name = AccountModel.xcdatamodeld;
			path = /Users/ianpedeglorio/encrepe/encrepe/DataController/AccountModel.xcdatamodeld;
			sourceTree = "<group>";
			versionGroupType = wrapper.xcdatamodel;
		};
/* End XCVersionGroup section */
	};
	rootObject = A69B3FAA2DB0B4C300D8C843 /* Project object */;
}
